
Microsoft Visual Studio Solution File, Format Version 12.00
# Visual Studio 15
VisualStudioVersion = 15.0.28307.168
MinimumVisualStudioVersion = 10.0.40219.1
Project("{FAE04EC0-301F-11D3-BF4B-00C04F79EFBC}") = "Testes", "Testes\Testes.csproj", "{70B9B46B-5418-448C-9331-6468D3B3C034}"
EndProject
Project("{FAE04EC0-301F-11D3-BF4B-00C04F79EFBC}") = "VFPMemo", "VFPMemo2\VFPMemo.csproj", "{BEE0804C-78FD-4E54-A20B-DE0DBC50F6C3}"
EndProject
Global
	GlobalSection(SolutionConfigurationPlatforms) = preSolution
		Debug|Any CPU = Debug|Any CPU
		Release|Any CPU = Release|Any CPU
	EndGlobalSection
	GlobalSection(ProjectConfigurationPlatforms) = postSolution
		{70B9B46B-5418-448C-9331-6468D3B3C034}.Debug|Any CPU.ActiveCfg = Debug|Any CPU
		{70B9B46B-5418-448C-9331-6468D3B3C034}.Debug|Any CPU.Build.0 = Debug|Any CPU
		{70B9B46B-5418-448C-9331-6468D3B3C034}.Release|Any CPU.ActiveCfg = Release|Any CPU
		{70B9B46B-5418-448C-9331-6468D3B3C034}.Release|Any CPU.Build.0 = Release|Any CPU
		{BEE0804C-78FD-4E54-A20B-DE0DBC50F6C3}.Debug|Any CPU.ActiveCfg = Debug|Any CPU
		{BEE0804C-78FD-4E54-A20B-DE0DBC50F6C3}.Debug|Any CPU.Build.0 = Debug|Any CPU
		{BEE0804C-78FD-4E54-A20B-DE0DBC50F6C3}.Release|Any CPU.ActiveCfg = Release|Any CPU
		{BEE0804C-78FD-4E54-A20B-DE0DBC50F6C3}.Release|Any CPU.Build.0 = Release|Any CPU
	EndGlobalSection
	GlobalSection(SolutionProperties) = preSolution
		HideSolutionNode = FALSE
	EndGlobalSection
	GlobalSection(ExtensibilityGlobals) = postSolution
		SolutionGuid = {89350C5A-4632-4EC7-820C-AFDC3274071B}
	EndGlobalSection
EndGlobal
